
Microsoft Visual Studio Solution File, Format Version 12.00
# Visual Studio Version 17
VisualStudioVersion = 17.9.34723.18
MinimumVisualStudioVersion = 10.0.40219.1
Project("{9A19103F-16F7-4668-BE54-9A1E7A4F7556}") = "Kursova2023-2024", "Kursova2023-2024\Kursova2023-2024.csproj", "{32FD5B7A-7BCB-4D98-A41A-6C1CF11A6676}"
EndProject
Project("{FAE04EC0-301F-11D3-BF4B-00C04F79EFBC}") = "TestProject1", "TestProject1\TestProject1.csproj", "{4749F09F-4534-4F86-82B9-A4DC345CBE09}"
EndProject
Global
	GlobalSection(SolutionConfigurationPlatforms) = preSolution
		Debug|Any CPU = Debug|Any CPU
		Release|Any CPU = Release|Any CPU
	EndGlobalSection
	GlobalSection(ProjectConfigurationPlatforms) = postSolution
		{32FD5B7A-7BCB-4D98-A41A-6C1CF11A6676}.Debug|Any CPU.ActiveCfg = Debug|Any CPU
		{32FD5B7A-7BCB-4D98-A41A-6C1CF11A6676}.Debug|Any CPU.Build.0 = Debug|Any CPU
		{32FD5B7A-7BCB-4D98-A41A-6C1CF11A6676}.Release|Any CPU.ActiveCfg = Release|Any CPU
		{32FD5B7A-7BCB-4D98-A41A-6C1CF11A6676}.Release|Any CPU.Build.0 = Release|Any CPU
		{4749F09F-4534-4F86-82B9-A4DC345CBE09}.Debug|Any CPU.ActiveCfg = Debug|Any CPU
		{4749F09F-4534-4F86-82B9-A4DC345CBE09}.Debug|Any CPU.Build.0 = Debug|Any CPU
		{4749F09F-4534-4F86-82B9-A4DC345CBE09}.Release|Any CPU.ActiveCfg = Release|Any CPU
		{4749F09F-4534-4F86-82B9-A4DC345CBE09}.Release|Any CPU.Build.0 = Release|Any CPU
	EndGlobalSection
	GlobalSection(SolutionProperties) = preSolution
		HideSolutionNode = FALSE
	EndGlobalSection
	GlobalSection(ExtensibilityGlobals) = postSolution
		SolutionGuid = {09FCBCDE-DBA7-4589-BFE8-5D47BB71E8EE}
	EndGlobalSection
EndGlobal
